// !$*UTF8*$!
{
	archiveVersion = 1;
	classes = {
	};
	objectVersion = 46;
	objects = {

/* Begin PBXBuildFile section */
		C81DA3881E3EB2E500CB15A8 /* AppDelegate.swift in Sources */ = {isa = PBXBuildFile; fileRef = C81DA3871E3EB2E500CB15A8 /* AppDelegate.swift */; };
		C81DA38A1E3EB2E500CB15A8 /* ViewController.swift in Sources */ = {isa = PBXBuildFile; fileRef = C81DA3891E3EB2E500CB15A8 /* ViewController.swift */; };
		C81DA38D1E3EB2E500CB15A8 /* Main.storyboard in Resources */ = {isa = PBXBuildFile; fileRef = C81DA38B1E3EB2E500CB15A8 /* Main.storyboard */; };
		C81DA38F1E3EB2E600CB15A8 /* Assets.xcassets in Resources */ = {isa = PBXBuildFile; fileRef = C81DA38E1E3EB2E600CB15A8 /* Assets.xcassets */; };
		C81DA3921E3EB2E600CB15A8 /* LaunchScreen.storyboard in Resources */ = {isa = PBXBuildFile; fileRef = C81DA3901E3EB2E600CB15A8 /* LaunchScreen.storyboard */; };
		C81DA39D1E3EB2E600CB15A8 /* FirebaseTutorialTests.swift in Sources */ = {isa = PBXBuildFile; fileRef = C81DA39C1E3EB2E600CB15A8 /* FirebaseTutorialTests.swift */; };
		C81DA3A81E3EB2E600CB15A8 /* FirebaseTutorialUITests.swift in Sources */ = {isa = PBXBuildFile; fileRef = C81DA3A71E3EB2E600CB15A8 /* FirebaseTutorialUITests.swift */; };
/* End PBXBuildFile section */

/* Begin PBXContainerItemProxy section */
		C81DA3991E3EB2E600CB15A8 /* PBXContainerItemProxy */ = {
			isa = PBXContainerItemProxy;
			containerPortal = C81DA37C1E3EB2E500CB15A8 /* Project object */;
			proxyType = 1;
			remoteGlobalIDString = C81DA3831E3EB2E500CB15A8;
			remoteInfo = FirebaseTutorial;
		};
		C81DA3A41E3EB2E600CB15A8 /* PBXContainerItemProxy */ = {
			isa = PBXContainerItemProxy;
			containerPortal = C81DA37C1E3EB2E500CB15A8 /* Project object */;
			proxyType = 1;
			remoteGlobalIDString = C81DA3831E3EB2E500CB15A8;
			remoteInfo = FirebaseTutorial;
		};
/* End PBXContainerItemProxy section */

/* Begin PBXFileReference section */
		C81DA3841E3EB2E500CB15A8 /* FirebaseTutorial.app */ = {isa = PBXFileReference; explicitFileType = wrapper.application; includeInIndex = 0; path = FirebaseTutorial.app; sourceTree = BUILT_PRODUCTS_DIR; };
		C81DA3871E3EB2E500CB15A8 /* AppDelegate.swift */ = {isa = PBXFileReference; lastKnownFileType = sourcecode.swift; path = AppDelegate.swift; sourceTree = "<group>"; };
		C81DA3891E3EB2E500CB15A8 /* ViewController.swift */ = {isa = PBXFileReference; lastKnownFileType = sourcecode.swift; path = ViewController.swift; sourceTree = "<group>"; };
		C81DA38C1E3EB2E500CB15A8 /* Base */ = {isa = PBXFileReference; lastKnownFileType = file.storyboard; name = Base; path = Base.lproj/Main.storyboard; sourceTree = "<group>"; };
		C81DA38E1E3EB2E600CB15A8 /* Assets.xcassets */ = {isa = PBXFileReference; lastKnownFileType = folder.assetcatalog; path = Assets.xcassets; sourceTree = "<group>"; };
		C81DA3911E3EB2E600CB15A8 /* Base */ = {isa = PBXFileReference; lastKnownFileType = file.storyboard; name = Base; path = Base.lproj/LaunchScreen.storyboard; sourceTree = "<group>"; };
		C81DA3931E3EB2E600CB15A8 /* Info.plist */ = {isa = PBXFileReference; lastKnownFileType = text.plist.xml; path = Info.plist; sourceTree = "<group>"; };
		C81DA3981E3EB2E600CB15A8 /* FirebaseTutorialTests.xctest */ = {isa = PBXFileReference; explicitFileType = wrapper.cfbundle; includeInIndex = 0; path = FirebaseTutorialTests.xctest; sourceTree = BUILT_PRODUCTS_DIR; };
		C81DA39C1E3EB2E600CB15A8 /* FirebaseTutorialTests.swift */ = {isa = PBXFileReference; lastKnownFileType = sourcecode.swift; path = FirebaseTutorialTests.swift; sourceTree = "<group>"; };
		C81DA39E1E3EB2E600CB15A8 /* Info.plist */ = {isa = PBXFileReference; lastKnownFileType = text.plist.xml; path = Info.plist; sourceTree = "<group>"; };
		C81DA3A31E3EB2E600CB15A8 /* FirebaseTutorialUITests.xctest */ = {isa = PBXFileReference; explicitFileType = wrapper.cfbundle; includeInIndex = 0; path = FirebaseTutorialUITests.xctest; sourceTree = BUILT_PRODUCTS_DIR; };
		C81DA3A71E3EB2E600CB15A8 /* FirebaseTutorialUITests.swift */ = {isa = PBXFileReference; lastKnownFileType = sourcecode.swift; path = FirebaseTutorialUITests.swift; sourceTree = "<group>"; };
		C81DA3A91E3EB2E600CB15A8 /* Info.plist */ = {isa = PBXFileReference; lastKnownFileType = text.plist.xml; path = Info.plist; sourceTree = "<group>"; };
/* End PBXFileReference section */

/* Begin PBXFrameworksBuildPhase section */
		C81DA3811E3EB2E500CB15A8 /* Frameworks */ = {
			isa = PBXFrameworksBuildPhase;
			buildActionMask = 2147483647;
			files = (
			);
			runOnlyForDeploymentPostprocessing = 0;
		};
		C81DA3951E3EB2E600CB15A8 /* Frameworks */ = {
			isa = PBXFrameworksBuildPhase;
			buildActionMask = 2147483647;
			files = (
			);
			runOnlyForDeploymentPostprocessing = 0;
		};
		C81DA3A01E3EB2E600CB15A8 /* Frameworks */ = {
			isa = PBXFrameworksBuildPhase;
			buildActionMask = 2147483647;
			files = (
			);
			runOnlyForDeploymentPostprocessing = 0;
		};
/* End PBXFrameworksBuildPhase section */

/* Begin PBXGroup section */
		C81DA37B1E3EB2E500CB15A8 = {
			isa = PBXGroup;
			children = (
				C81DA3861E3EB2E500CB15A8 /* FirebaseTutorial */,
				C81DA39B1E3EB2E600CB15A8 /* FirebaseTutorialTests */,
				C81DA3A61E3EB2E600CB15A8 /* FirebaseTutorialUITests */,
				C81DA3851E3EB2E500CB15A8 /* Products */,
			);
			sourceTree = "<group>";
		};
		C81DA3851E3EB2E500CB15A8 /* Products */ = {
			isa = PBXGroup;
			children = (
				C81DA3841E3EB2E500CB15A8 /* FirebaseTutorial.app */,
				C81DA3981E3EB2E600CB15A8 /* FirebaseTutorialTests.xctest */,
				C81DA3A31E3EB2E600CB15A8 /* FirebaseTutorialUITests.xctest */,
			);
			name = Products;
			sourceTree = "<group>";
		};
		C81DA3861E3EB2E500CB15A8 /* FirebaseTutorial */ = {
			isa = PBXGroup;
			children = (
				C81DA3871E3EB2E500CB15A8 /* AppDelegate.swift */,
				C81DA3891E3EB2E500CB15A8 /* ViewController.swift */,
				C81DA38B1E3EB2E500CB15A8 /* Main.storyboard */,
				C81DA38E1E3EB2E600CB15A8 /* Assets.xcassets */,
				C81DA3901E3EB2E600CB15A8 /* LaunchScreen.storyboard */,
				C81DA3931E3EB2E600CB15A8 /* Info.plist */,
			);
			path = FirebaseTutorial;
			sourceTree = "<group>";
		};
		C81DA39B1E3EB2E600CB15A8 /* FirebaseTutorialTests */ = {
			isa = PBXGroup;
			children = (
				C81DA39C1E3EB2E600CB15A8 /* FirebaseTutorialTests.swift */,
				C81DA39E1E3EB2E600CB15A8 /* Info.plist */,
			);
			path = FirebaseTutorialTests;
			sourceTree = "<group>";
		};
		C81DA3A61E3EB2E600CB15A8 /* FirebaseTutorialUITests */ = {
			isa = PBXGroup;
			children = (
				C81DA3A71E3EB2E600CB15A8 /* FirebaseTutorialUITests.swift */,
				C81DA3A91E3EB2E600CB15A8 /* Info.plist */,
			);
			path = FirebaseTutorialUITests;
			sourceTree = "<group>";
		};
/* End PBXGroup section */

/* Begin PBXNativeTarget section */
		C81DA3831E3EB2E500CB15A8 /* FirebaseTutorial */ = {
			isa = PBXNativeTarget;
			buildConfigurationList = C81DA3AC1E3EB2E600CB15A8 /* Build configuration list for PBXNativeTarget "FirebaseTutorial" */;
			buildPhases = (
				C81DA3801E3EB2E500CB15A8 /* Sources */,
				C81DA3811E3EB2E500CB15A8 /* Frameworks */,
				C81DA3821E3EB2E500CB15A8 /* Resources */,
			);
			buildRules = (
			);
			dependencies = (
			);
			name = FirebaseTutorial;
			productName = FirebaseTutorial;
			productReference = C81DA3841E3EB2E500CB15A8 /* FirebaseTutorial.app */;
			productType = "com.apple.product-type.application";
		};
		C81DA3971E3EB2E600CB15A8 /* FirebaseTutorialTests */ = {
			isa = PBXNativeTarget;
			buildConfigurationList = C81DA3AF1E3EB2E600CB15A8 /* Build configuration list for PBXNativeTarget "FirebaseTutorialTests" */;
			buildPhases = (
				C81DA3941E3EB2E600CB15A8 /* Sources */,
				C81DA3951E3EB2E600CB15A8 /* Frameworks */,
				C81DA3961E3EB2E600CB15A8 /* Resources */,
			);
			buildRules = (
			);
			dependencies = (
				C81DA39A1E3EB2E600CB15A8 /* PBXTargetDependency */,
			);
			name = FirebaseTutorialTests;
			productName = FirebaseTutorialTests;
			productReference = C81DA3981E3EB2E600CB15A8 /* FirebaseTutorialTests.xctest */;
			productType = "com.apple.product-type.bundle.unit-test";
		};
		C81DA3A21E3EB2E600CB15A8 /* FirebaseTutorialUITests */ = {
			isa = PBXNativeTarget;
			buildConfigurationList = C81DA3B21E3EB2E600CB15A8 /* Build configuration list for PBXNativeTarget "FirebaseTutorialUITests" */;
			buildPhases = (
				C81DA39F1E3EB2E600CB15A8 /* Sources */,
				C81DA3A01E3EB2E600CB15A8 /* Frameworks */,
				C81DA3A11E3EB2E600CB15A8 /* Resources */,
			);
			buildRules = (
			);
			dependencies = (
				C81DA3A51E3EB2E600CB15A8 /* PBXTargetDependency */,
			);
			name = FirebaseTutorialUITests;
			productName = FirebaseTutorialUITests;
			productReference = C81DA3A31E3EB2E600CB15A8 /* FirebaseTutorialUITests.xctest */;
			productType = "com.apple.product-type.bundle.ui-testing";
		};
/* End PBXNativeTarget section */

/* Begin PBXProject section */
		C81DA37C1E3EB2E500CB15A8 /* Project object */ = {
			isa = PBXProject;
			attributes = {
				LastSwiftUpdateCheck = 0810;
				LastUpgradeCheck = 0810;
				ORGANIZATIONNAME = Zoe;
				TargetAttributes = {
					C81DA3831E3EB2E500CB15A8 = {
						CreatedOnToolsVersion = 8.1;
						DevelopmentTeam = HNK7ZEMZ36;
						ProvisioningStyle = Automatic;
					};
					C81DA3971E3EB2E600CB15A8 = {
						CreatedOnToolsVersion = 8.1;
						DevelopmentTeam = HNK7ZEMZ36;
						ProvisioningStyle = Automatic;
						TestTargetID = C81DA3831E3EB2E500CB15A8;
					};
					C81DA3A21E3EB2E600CB15A8 = {
						CreatedOnToolsVersion = 8.1;
						DevelopmentTeam = HNK7ZEMZ36;
						ProvisioningStyle = Automatic;
						TestTargetID = C81DA3831E3EB2E500CB15A8;
					};
				};
			};
			buildConfigurationList = C81DA37F1E3EB2E500CB15A8 /* Build configuration list for PBXProject "FirebaseTutorial" */;
			compatibilityVersion = "Xcode 3.2";
			developmentRegion = English;
			hasScannedForEncodings = 0;
			knownRegions = (
				en,
				Base,
			);
			mainGroup = C81DA37B1E3EB2E500CB15A8;
			productRefGroup = C81DA3851E3EB2E500CB15A8 /* Products */;
			projectDirPath = "";
			projectRoot = "";
			targets = (
				C81DA3831E3EB2E500CB15A8 /* FirebaseTutorial */,
				C81DA3971E3EB2E600CB15A8 /* FirebaseTutorialTests */,
				C81DA3A21E3EB2E600CB15A8 /* FirebaseTutorialUITests */,
			);
		};
/* End PBXProject section */

/* Begin PBXResourcesBuildPhase section */
		C81DA3821E3EB2E500CB15A8 /* Resources */ = {
			isa = PBXResourcesBuildPhase;
			buildActionMask = 2147483647;
			files = (
				C81DA3921E3EB2E600CB15A8 /* LaunchScreen.storyboard in Resources */,
				C81DA38F1E3EB2E600CB15A8 /* Assets.xcassets in Resources */,
				C81DA38D1E3EB2E500CB15A8 /* Main.storyboard in Resources */,
			);
			runOnlyForDeploymentPostprocessing = 0;
		};
		C81DA3961E3EB2E600CB15A8 /* Resources */ = {
			isa = PBXResourcesBuildPhase;
			buildActionMask = 2147483647;
			files = (
			);
			runOnlyForDeploymentPostprocessing = 0;
		};
		C81DA3A11E3EB2E600CB15A8 /* Resources */ = {
			isa = PBXResourcesBuildPhase;
			buildActionMask = 2147483647;
			files = (
			);
			runOnlyForDeploymentPostprocessing = 0;
		};
/* End PBXResourcesBuildPhase section */

/* Begin PBXSourcesBuildPhase section */
		C81DA3801E3EB2E500CB15A8 /* Sources */ = {
			isa = PBXSourcesBuildPhase;
			buildActionMask = 2147483647;
			files = (
				C81DA38A1E3EB2E500CB15A8 /* ViewController.swift in Sources */,
				C81DA3881E3EB2E500CB15A8 /* AppDelegate.swift in Sources */,
			);
			runOnlyForDeploymentPostprocessing = 0;
		};
		C81DA3941E3EB2E600CB15A8 /* Sources */ = {
			isa = PBXSourcesBuildPhase;
			buildActionMask = 2147483647;
			files = (
				C81DA39D1E3EB2E600CB15A8 /* FirebaseTutorialTests.swift in Sources */,
			);
			runOnlyForDeploymentPostprocessing = 0;
		};
		C81DA39F1E3EB2E600CB15A8 /* Sources */ = {
			isa = PBXSourcesBuildPhase;
			buildActionMask = 2147483647;
			files = (
				C81DA3A81E3EB2E600CB15A8 /* FirebaseTutorialUITests.swift in Sources */,
			);
			runOnlyForDeploymentPostprocessing = 0;
		};
/* End PBXSourcesBuildPhase section */

/* Begin PBXTargetDependency section */
		C81DA39A1E3EB2E600CB15A8 /* PBXTargetDependency */ = {
			isa = PBXTargetDependency;
			target = C81DA3831E3EB2E500CB15A8 /* FirebaseTutorial */;
			targetProxy = C81DA3991E3EB2E600CB15A8 /* PBXContainerItemProxy */;
		};
		C81DA3A51E3EB2E600CB15A8 /* PBXTargetDependency */ = {
			isa = PBXTargetDependency;
			target = C81DA3831E3EB2E500CB15A8 /* FirebaseTutorial */;
			targetProxy = C81DA3A41E3EB2E600CB15A8 /* PBXContainerItemProxy */;
		};
/* End PBXTargetDependency section */

/* Begin PBXVariantGroup section */
		C81DA38B1E3EB2E500CB15A8 /* Main.storyboard */ = {
			isa = PBXVariantGroup;
			children = (
				C81DA38C1E3EB2E500CB15A8 /* Base */,
			);
			name = Main.storyboard;
			sourceTree = "<group>";
		};
		C81DA3901E3EB2E600CB15A8 /* LaunchScreen.storyboard */ = {
			isa = PBXVariantGroup;
			children = (
				C81DA3911E3EB2E600CB15A8 /* Base */,
			);
			name = LaunchScreen.storyboard;
			sourceTree = "<group>";
		};
/* End PBXVariantGroup section */

/* Begin XCBuildConfiguration section */
		C81DA3AA1E3EB2E600CB15A8 /* Debug */ = {
			isa = XCBuildConfiguration;
			buildSettings = {
				ALWAYS_SEARCH_USER_PATHS = NO;
				CLANG_ANALYZER_NONNULL = YES;
				CLANG_CXX_LANGUAGE_STANDARD = "gnu++0x";
				CLANG_CXX_LIBRARY = "libc++";
				CLANG_ENABLE_MODULES = YES;
				CLANG_ENABLE_OBJC_ARC = YES;
				CLANG_WARN_BOOL_CONVERSION = YES;
				CLANG_WARN_CONSTANT_CONVERSION = YES;
				CLANG_WARN_DIRECT_OBJC_ISA_USAGE = YES_ERROR;
				CLANG_WARN_DOCUMENTATION_COMMENTS = YES;
				CLANG_WARN_EMPTY_BODY = YES;
				CLANG_WARN_ENUM_CONVERSION = YES;
				CLANG_WARN_INFINITE_RECURSION = YES;
				CLANG_WARN_INT_CONVERSION = YES;
				CLANG_WARN_OBJC_ROOT_CLASS = YES_ERROR;
				CLANG_WARN_SUSPICIOUS_MOVES = YES;
				CLANG_WARN_UNREACHABLE_CODE = YES;
				CLANG_WARN__DUPLICATE_METHOD_MATCH = YES;
				"CODE_SIGN_IDENTITY[sdk=iphoneos*]" = "iPhone Developer";
				COPY_PHASE_STRIP = NO;
				DEBUG_INFORMATION_FORMAT = dwarf;
				ENABLE_STRICT_OBJC_MSGSEND = YES;
				ENABLE_TESTABILITY = YES;
				GCC_C_LANGUAGE_STANDARD = gnu99;
				GCC_DYNAMIC_NO_PIC = NO;
				GCC_NO_COMMON_BLOCKS = YES;
				GCC_OPTIMIZATION_LEVEL = 0;
				GCC_PREPROCESSOR_DEFINITIONS = (
					"DEBUG=1",
					"$(inherited)",
				);
				GCC_WARN_64_TO_32_BIT_CONVERSION = YES;
				GCC_WARN_ABOUT_RETURN_TYPE = YES_ERROR;
				GCC_WARN_UNDECLARED_SELECTOR = YES;
				GCC_WARN_UNINITIALIZED_AUTOS = YES_AGGRESSIVE;
				GCC_WARN_UNUSED_FUNCTION = YES;
				GCC_WARN_UNUSED_VARIABLE = YES;
				IPHONEOS_DEPLOYMENT_TARGET = 10.1;
				MTL_ENABLE_DEBUG_INFO = YES;
				ONLY_ACTIVE_ARCH = YES;
				SDKROOT = iphoneos;
				SWIFT_ACTIVE_COMPILATION_CONDITIONS = DEBUG;
				SWIFT_OPTIMIZATION_LEVEL = "-Onone";
				TARGETED_DEVICE_FAMILY = "1,2";
			};
			name = Debug;
		};
		C81DA3AB1E3EB2E600CB15A8 /* Release */ = {
			isa = XCBuildConfiguration;
			buildSettings = {
				ALWAYS_SEARCH_USER_PATHS = NO;
				CLANG_ANALYZER_NONNULL = YES;
				CLANG_CXX_LANGUAGE_STANDARD = "gnu++0x";
				CLANG_CXX_LIBRARY = "libc++";
				CLANG_ENABLE_MODULES = YES;
				CLANG_ENABLE_OBJC_ARC = YES;
				CLANG_WARN_BOOL_CONVERSION = YES;
				CLANG_WARN_CONSTANT_CONVERSION = YES;
				CLANG_WARN_DIRECT_OBJC_ISA_USAGE = YES_ERROR;
				CLANG_WARN_DOCUMENTATION_COMMENTS = YES;
				CLANG_WARN_EMPTY_BODY = YES;
				CLANG_WARN_ENUM_CONVERSION = YES;
				CLANG_WARN_INFINITE_RECURSION = YES;
				CLANG_WARN_INT_CONVERSION = YES;
				CLANG_WARN_OBJC_ROOT_CLASS = YES_ERROR;
				CLANG_WARN_SUSPICIOUS_MOVES = YES;
				CLANG_WARN_UNREACHABLE_CODE = YES;
				CLANG_WARN__DUPLICATE_METHOD_MATCH = YES;
				"CODE_SIGN_IDENTITY[sdk=iphoneos*]" = "iPhone Developer";
				COPY_PHASE_STRIP = NO;
				DEBUG_INFORMATION_FORMAT = "dwarf-with-dsym";
				ENABLE_NS_ASSERTIONS = NO;
				ENABLE_STRICT_OBJC_MSGSEND = YES;
				GCC_C_LANGUAGE_STANDARD = gnu99;
				GCC_NO_COMMON_BLOCKS = YES;
				GCC_WARN_64_TO_32_BIT_CONVERSION = YES;
				GCC_WARN_ABOUT_RETURN_TYPE = YES_ERROR;
				GCC_WARN_UNDECLARED_SELECTOR = YES;
				GCC_WARN_UNINITIALIZED_AUTOS = YES_AGGRESSIVE;
				GCC_WARN_UNUSED_FUNCTION = YES;
				GCC_WARN_UNUSED_VARIABLE = YES;
				IPHONEOS_DEPLOYMENT_TARGET = 10.1;
				MTL_ENABLE_DEBUG_INFO = NO;
				SDKROOT = iphoneos;
				SWIFT_OPTIMIZATION_LEVEL = "-Owholemodule";
				TARGETED_DEVICE_FAMILY = "1,2";
				VALIDATE_PRODUCT = YES;
			};
			name = Release;
		};
		C81DA3AD1E3EB2E600CB15A8 /* Debug */ = {
			isa = XCBuildConfiguration;
			buildSettings = {
				ASSETCATALOG_COMPILER_APPICON_NAME = AppIcon;
				DEVELOPMENT_TEAM = HNK7ZEMZ36;
				INFOPLIST_FILE = FirebaseTutorial/Info.plist;
				LD_RUNPATH_SEARCH_PATHS = "$(inherited) @executable_path/Frameworks";
				PRODUCT_BUNDLE_IDENTIFIER = com.zoesheill.FirebaseTutorial;
				PRODUCT_NAME = "$(TARGET_NAME)";
				SWIFT_VERSION = 3.0;
			};
			name = Debug;
		};
		C81DA3AE1E3EB2E600CB15A8 /* Release */ = {
			isa = XCBuildConfiguration;
			buildSettings = {
				ASSETCATALOG_COMPILER_APPICON_NAME = AppIcon;
				DEVELOPMENT_TEAM = HNK7ZEMZ36;
				INFOPLIST_FILE = FirebaseTutorial/Info.plist;
				LD_RUNPATH_SEARCH_PATHS = "$(inherited) @executable_path/Frameworks";
				PRODUCT_BUNDLE_IDENTIFIER = com.zoesheill.FirebaseTutorial;
				PRODUCT_NAME = "$(TARGET_NAME)";
				SWIFT_VERSION = 3.0;
			};
			name = Release;
		};
		C81DA3B01E3EB2E600CB15A8 /* Debug */ = {
			isa = XCBuildConfiguration;
			buildSettings = {
				ALWAYS_EMBED_SWIFT_STANDARD_LIBRARIES = YES;
				BUNDLE_LOADER = "$(TEST_HOST)";
				DEVELOPMENT_TEAM = HNK7ZEMZ36;
				INFOPLIST_FILE = FirebaseTutorialTests/Info.plist;
				LD_RUNPATH_SEARCH_PATHS = "$(inherited) @executable_path/Frameworks @loader_path/Frameworks";
				PRODUCT_BUNDLE_IDENTIFIER = com.zoesheill.FirebaseTutorialTests;
				PRODUCT_NAME = "$(TARGET_NAME)";
				SWIFT_VERSION = 3.0;
				TEST_HOST = "$(BUILT_PRODUCTS_DIR)/FirebaseTutorial.app/FirebaseTutorial";
			};
			name = Debug;
		};
		C81DA3B11E3EB2E600CB15A8 /* Release */ = {
			isa = XCBuildConfiguration;
			buildSettings = {
				ALWAYS_EMBED_SWIFT_STANDARD_LIBRARIES = YES;
				BUNDLE_LOADER = "$(TEST_HOST)";
				DEVELOPMENT_TEAM = HNK7ZEMZ36;
				INFOPLIST_FILE = FirebaseTutorialTests/Info.plist;
				LD_RUNPATH_SEARCH_PATHS = "$(inherited) @executable_path/Frameworks @loader_path/Frameworks";
				PRODUCT_BUNDLE_IDENTIFIER = com.zoesheill.FirebaseTutorialTests;
				PRODUCT_NAME = "$(TARGET_NAME)";
				SWIFT_VERSION = 3.0;
				TEST_HOST = "$(BUILT_PRODUCTS_DIR)/FirebaseTutorial.app/FirebaseTutorial";
			};
			name = Release;
		};
		C81DA3B31E3EB2E600CB15A8 /* Debug */ = {
			isa = XCBuildConfiguration;
			buildSettings = {
				ALWAYS_EMBED_SWIFT_STANDARD_LIBRARIES = YES;
				DEVELOPMENT_TEAM = HNK7ZEMZ36;
				INFOPLIST_FILE = FirebaseTutorialUITests/Info.plist;
				LD_RUNPATH_SEARCH_PATHS = "$(inherited) @executable_path/Frameworks @loader_path/Frameworks";
				PRODUCT_BUNDLE_IDENTIFIER = com.zoesheill.FirebaseTutorialUITests;
				PRODUCT_NAME = "$(TARGET_NAME)";
				SWIFT_VERSION = 3.0;
				TEST_TARGET_NAME = FirebaseTutorial;
			};
			name = Debug;
		};
		C81DA3B41E3EB2E600CB15A8 /* Release */ = {
			isa = XCBuildConfiguration;
			buildSettings = {
				ALWAYS_EMBED_SWIFT_STANDARD_LIBRARIES = YES;
				DEVELOPMENT_TEAM = HNK7ZEMZ36;
				INFOPLIST_FILE = FirebaseTutorialUITests/Info.plist;
				LD_RUNPATH_SEARCH_PATHS = "$(inherited) @executable_path/Frameworks @loader_path/Frameworks";
				PRODUCT_BUNDLE_IDENTIFIER = com.zoesheill.FirebaseTutorialUITests;
				PRODUCT_NAME = "$(TARGET_NAME)";
				SWIFT_VERSION = 3.0;
				TEST_TARGET_NAME = FirebaseTutorial;
			};
			name = Release;
		};
/* End XCBuildConfiguration section */

/* Begin XCConfigurationList section */
		C81DA37F1E3EB2E500CB15A8 /* Build configuration list for PBXProject "FirebaseTutorial" */ = {
			isa = XCConfigurationList;
			buildConfigurations = (
				C81DA3AA1E3EB2E600CB15A8 /* Debug */,
				C81DA3AB1E3EB2E600CB15A8 /* Release */,
			);
			defaultConfigurationIsVisible = 0;
			defaultConfigurationName = Release;
		};
		C81DA3AC1E3EB2E600CB15A8 /* Build configuration list for PBXNativeTarget "FirebaseTutorial" */ = {
			isa = XCConfigurationList;
			buildConfigurations = (
				C81DA3AD1E3EB2E600CB15A8 /* Debug */,
				C81DA3AE1E3EB2E600CB15A8 /* Release */,
			);
			defaultConfigurationIsVisible = 0;
		};
		C81DA3AF1E3EB2E600CB15A8 /* Build configuration list for PBXNativeTarget "FirebaseTutorialTests" */ = {
			isa = XCConfigurationList;
			buildConfigurations = (
				C81DA3B01E3EB2E600CB15A8 /* Debug */,
				C81DA3B11E3EB2E600CB15A8 /* Release */,
			);
			defaultConfigurationIsVisible = 0;
		};
		C81DA3B21E3EB2E600CB15A8 /* Build configuration list for PBXNativeTarget "FirebaseTutorialUITests" */ = {
			isa = XCConfigurationList;
			buildConfigurations = (
				C81DA3B31E3EB2E600CB15A8 /* Debug */,
				C81DA3B41E3EB2E600CB15A8 /* Release */,
			);
			defaultConfigurationIsVisible = 0;
		};
/* End XCConfigurationList section */
	};
	rootObject = C81DA37C1E3EB2E500CB15A8 /* Project object */;
}
